
Microsoft Visual Studio Solution File, Format Version 12.00
# Visual Studio Version 16
VisualStudioVersion = 16.0.28922.388
MinimumVisualStudioVersion = 10.0.40219.1
Project("{9A19103F-16F7-4668-BE54-9A1E7A4F7556}") = "System.Data.Common.Extensions", "System.Data.Common.Extensions\System.Data.Common.Extensions.csproj", "{366AA683-57AF-4665-9E4A-96E6043B5A24}"
EndProject
Project("{FAE04EC0-301F-11D3-BF4B-00C04F79EFBC}") = "Microsoft.Data.SqlClient.Helpers", "Microsoft.Data.SqlClient.Helpers\Microsoft.Data.SqlClient.Helpers.csproj", "{1105B4A5-5E2F-4A23-A5EF-1FD684A671C9}"
EndProject
Global
	GlobalSection(SolutionConfigurationPlatforms) = preSolution
		Debug|Any CPU = Debug|Any CPU
		Release|Any CPU = Release|Any CPU
	EndGlobalSection
	GlobalSection(ProjectConfigurationPlatforms) = postSolution
		{366AA683-57AF-4665-9E4A-96E6043B5A24}.Debug|Any CPU.ActiveCfg = Debug|Any CPU
		{366AA683-57AF-4665-9E4A-96E6043B5A24}.Debug|Any CPU.Build.0 = Debug|Any CPU
		{366AA683-57AF-4665-9E4A-96E6043B5A24}.Release|Any CPU.ActiveCfg = Release|Any CPU
		{366AA683-57AF-4665-9E4A-96E6043B5A24}.Release|Any CPU.Build.0 = Release|Any CPU
		{1105B4A5-5E2F-4A23-A5EF-1FD684A671C9}.Debug|Any CPU.ActiveCfg = Debug|Any CPU
		{1105B4A5-5E2F-4A23-A5EF-1FD684A671C9}.Debug|Any CPU.Build.0 = Debug|Any CPU
		{1105B4A5-5E2F-4A23-A5EF-1FD684A671C9}.Release|Any CPU.ActiveCfg = Release|Any CPU
		{1105B4A5-5E2F-4A23-A5EF-1FD684A671C9}.Release|Any CPU.Build.0 = Release|Any CPU
	EndGlobalSection
	GlobalSection(SolutionProperties) = preSolution
		HideSolutionNode = FALSE
	EndGlobalSection
	GlobalSection(ExtensibilityGlobals) = postSolution
		SolutionGuid = {2D7DB008-0BC2-4704-AA1B-0CBD2966135A}
	EndGlobalSection
EndGlobal
